[after_dark]
"1.0.0" = "1111111111111111111111111111111111111111111111111111111111111111"

[custom]
"1.1.0" = "2222222222222222222222222222222222222222222222222222222222222222"
"1.1.1" = "3333333333333333333333333333333333333333333333333333333333333333"
"1.2.0" = "4444444444444444444444444444444444444444444444444444444444444444"

[graduated]
"2.1.5" = "5555555555555555555555555555555555555555555555555555555555555555"
"2.1.7" = "6666666666666666666666666666666666666666666666666666666666666666"

[new_custom]
"1.0.0" = "7777777777777777777777777777777777777777777777777777777777777777"

[origins]
"1.0.0" = "8888888888888888888888888888888888888888888888888888888888888888"
"1.0.1" = "9999999999999999999999999999999999999999999999999999999999999999"
"2.0.0" = "aaaaaaaaaaaaaaaaaaaaaaaaaaaaaaaaaaaaaaaaaaaaaaaaaaaaaaaaaaaaaaaa"
"2.0.1" = "bbbbbbbbbbbbbbbbbbbbbbbbbbbbbbbbbbbbbbbbbbbbbbbbbbbbbbbbbbbbbbbb"
